{
  "name": "f1laptimes",
  "version": "1.0.0",
  "lockfileVersion": 1,
  "requires": true,
  "dependencies": {
    "esbuild": {
      "version": "0.11.15",
      "resolved": "https://registry.npmjs.org/esbuild/-/esbuild-0.11.15.tgz",
      "integrity": "sha512-Hh40byWZZgYbiLhcoOWiOUIy8yUYQeCEA4F9feWytToD2jGfJ1X4VPf5dsqj6vRL29H3YmFqZsxIJa5q0ifB3g=="
    }
  }
}
